
Microsoft Visual Studio Solution File, Format Version 12.00
# Visual Studio Version 16
VisualStudioVersion = 16.0.30621.155
MinimumVisualStudioVersion = 10.0.40219.1
Project("{FAE04EC0-301F-11D3-BF4B-00C04F79EFBC}") = "MessengerClient.UWP", "MessengerClient\MessengerClient.UWP\MessengerClient.UWP.csproj", "{658B809D-E7D7-48FE-9A49-B4D8CFAEAD07}"
EndProject
Project("{FAE04EC0-301F-11D3-BF4B-00C04F79EFBC}") = "MessengerClient.Android", "MessengerClient\MessengerClient.Android\MessengerClient.Android.csproj", "{BCA249D7-F63D-47D7-8518-E289EA1E85F7}"
EndProject
Project("{FAE04EC0-301F-11D3-BF4B-00C04F79EFBC}") = "MessengerClient.iOS", "MessengerClient\MessengerClient.iOS\MessengerClient.iOS.csproj", "{929BAB98-C84F-4CEA-884C-6E976BBBE114}"
EndProject
Project("{9A19103F-16F7-4668-BE54-9A1E7A4F7556}") = "MessengerClient", "MessengerClient\MessengerClient\MessengerClient.csproj", "{84680E8B-465B-43CE-9EBE-7B43F855B74B}"
EndProject
Project("{9A19103F-16F7-4668-BE54-9A1E7A4F7556}") = "MessageCore", "..\MessageCore\MessageCore\MessageCore.csproj", "{FF156F58-B745-4FCE-B317-D8BD44547C14}"
EndProject
Global
	GlobalSection(SolutionConfigurationPlatforms) = preSolution
		Debug|Any CPU = Debug|Any CPU
		Debug|ARM = Debug|ARM
		Debug|iPhone = Debug|iPhone
		Debug|iPhoneSimulator = Debug|iPhoneSimulator
		Debug|x64 = Debug|x64
		Debug|x86 = Debug|x86
		Release|Any CPU = Release|Any CPU
		Release|ARM = Release|ARM
		Release|iPhone = Release|iPhone
		Release|iPhoneSimulator = Release|iPhoneSimulator
		Release|x64 = Release|x64
		Release|x86 = Release|x86
	EndGlobalSection
	GlobalSection(ProjectConfigurationPlatforms) = postSolution
		{658B809D-E7D7-48FE-9A49-B4D8CFAEAD07}.Debug|Any CPU.ActiveCfg = Debug|x86
		{658B809D-E7D7-48FE-9A49-B4D8CFAEAD07}.Debug|Any CPU.Build.0 = Debug|x86
		{658B809D-E7D7-48FE-9A49-B4D8CFAEAD07}.Debug|Any CPU.Deploy.0 = Debug|x86
		{658B809D-E7D7-48FE-9A49-B4D8CFAEAD07}.Debug|ARM.ActiveCfg = Debug|ARM
		{658B809D-E7D7-48FE-9A49-B4D8CFAEAD07}.Debug|ARM.Build.0 = Debug|ARM
		{658B809D-E7D7-48FE-9A49-B4D8CFAEAD07}.Debug|ARM.Deploy.0 = Debug|ARM
		{658B809D-E7D7-48FE-9A49-B4D8CFAEAD07}.Debug|iPhone.ActiveCfg = Debug|x86
		{658B809D-E7D7-48FE-9A49-B4D8CFAEAD07}.Debug|iPhone.Build.0 = Debug|x86
		{658B809D-E7D7-48FE-9A49-B4D8CFAEAD07}.Debug|iPhone.Deploy.0 = Debug|x86
		{658B809D-E7D7-48FE-9A49-B4D8CFAEAD07}.Debug|iPhoneSimulator.ActiveCfg = Debug|x86
		{658B809D-E7D7-48FE-9A49-B4D8CFAEAD07}.Debug|iPhoneSimulator.Build.0 = Debug|x86
		{658B809D-E7D7-48FE-9A49-B4D8CFAEAD07}.Debug|iPhoneSimulator.Deploy.0 = Debug|x86
		{658B809D-E7D7-48FE-9A49-B4D8CFAEAD07}.Debug|x64.ActiveCfg = Debug|x64
		{658B809D-E7D7-48FE-9A49-B4D8CFAEAD07}.Debug|x64.Build.0 = Debug|x64
		{658B809D-E7D7-48FE-9A49-B4D8CFAEAD07}.Debug|x64.Deploy.0 = Debug|x64
		{658B809D-E7D7-48FE-9A49-B4D8CFAEAD07}.Debug|x86.ActiveCfg = Debug|x86
		{658B809D-E7D7-48FE-9A49-B4D8CFAEAD07}.Debug|x86.Build.0 = Debug|x86
		{658B809D-E7D7-48FE-9A49-B4D8CFAEAD07}.Debug|x86.Deploy.0 = Debug|x86
		{658B809D-E7D7-48FE-9A49-B4D8CFAEAD07}.Release|Any CPU.ActiveCfg = Release|x86
		{658B809D-E7D7-48FE-9A49-B4D8CFAEAD07}.Release|Any CPU.Build.0 = Release|x86
		{658B809D-E7D7-48FE-9A49-B4D8CFAEAD07}.Release|Any CPU.Deploy.0 = Release|x86
		{658B809D-E7D7-48FE-9A49-B4D8CFAEAD07}.Release|ARM.ActiveCfg = Release|ARM
		{658B809D-E7D7-48FE-9A49-B4D8CFAEAD07}.Release|ARM.Build.0 = Release|ARM
		{658B809D-E7D7-48FE-9A49-B4D8CFAEAD07}.Release|ARM.Deploy.0 = Release|ARM
		{658B809D-E7D7-48FE-9A49-B4D8CFAEAD07}.Release|iPhone.ActiveCfg = Release|x86
		{658B809D-E7D7-48FE-9A49-B4D8CFAEAD07}.Release|iPhone.Build.0 = Release|x86
		{658B809D-E7D7-48FE-9A49-B4D8CFAEAD07}.Release|iPhone.Deploy.0 = Release|x86
		{658B809D-E7D7-48FE-9A49-B4D8CFAEAD07}.Release|iPhoneSimulator.ActiveCfg = Release|x86
		{658B809D-E7D7-48FE-9A49-B4D8CFAEAD07}.Release|iPhoneSimulator.Build.0 = Release|x86
		{658B809D-E7D7-48FE-9A49-B4D8CFAEAD07}.Release|iPhoneSimulator.Deploy.0 = Release|x86
		{658B809D-E7D7-48FE-9A49-B4D8CFAEAD07}.Release|x64.ActiveCfg = Release|x64
		{658B809D-E7D7-48FE-9A49-B4D8CFAEAD07}.Release|x64.Build.0 = Release|x64
		{658B809D-E7D7-48FE-9A49-B4D8CFAEAD07}.Release|x64.Deploy.0 = Release|x64
		{658B809D-E7D7-48FE-9A49-B4D8CFAEAD07}.Release|x86.ActiveCfg = Release|x86
		{658B809D-E7D7-48FE-9A49-B4D8CFAEAD07}.Release|x86.Build.0 = Release|x86
		{658B809D-E7D7-48FE-9A49-B4D8CFAEAD07}.Release|x86.Deploy.0 = Release|x86
		{BCA249D7-F63D-47D7-8518-E289EA1E85F7}.Debug|Any CPU.ActiveCfg = Debug|Any CPU
		{BCA249D7-F63D-47D7-8518-E289EA1E85F7}.Debug|Any CPU.Build.0 = Debug|Any CPU
		{BCA249D7-F63D-47D7-8518-E289EA1E85F7}.Debug|Any CPU.Deploy.0 = Debug|Any CPU
		{BCA249D7-F63D-47D7-8518-E289EA1E85F7}.Debug|ARM.ActiveCfg = Debug|Any CPU
		{BCA249D7-F63D-47D7-8518-E289EA1E85F7}.Debug|ARM.Build.0 = Debug|Any CPU
		{BCA249D7-F63D-47D7-8518-E289EA1E85F7}.Debug|ARM.Deploy.0 = Debug|Any CPU
		{BCA249D7-F63D-47D7-8518-E289EA1E85F7}.Debug|iPhone.ActiveCfg = Debug|Any CPU
		{BCA249D7-F63D-47D7-8518-E289EA1E85F7}.Debug|iPhone.Build.0 = Debug|Any CPU
		{BCA249D7-F63D-47D7-8518-E289EA1E85F7}.Debug|iPhone.Deploy.0 = Debug|Any CPU
		{BCA249D7-F63D-47D7-8518-E289EA1E85F7}.Debug|iPhoneSimulator.ActiveCfg = Debug|Any CPU
		{BCA249D7-F63D-47D7-8518-E289EA1E85F7}.Debug|iPhoneSimulator.Build.0 = Debug|Any CPU
		{BCA249D7-F63D-47D7-8518-E289EA1E85F7}.Debug|iPhoneSimulator.Deploy.0 = Debug|Any CPU
		{BCA249D7-F63D-47D7-8518-E289EA1E85F7}.Debug|x64.ActiveCfg = Debug|Any CPU
		{BCA249D7-F63D-47D7-8518-E289EA1E85F7}.Debug|x64.Build.0 = Debug|Any CPU
		{BCA249D7-F63D-47D7-8518-E289EA1E85F7}.Debug|x64.Deploy.0 = Debug|Any CPU
		{BCA249D7-F63D-47D7-8518-E289EA1E85F7}.Debug|x86.ActiveCfg = Debug|Any CPU
		{BCA249D7-F63D-47D7-8518-E289EA1E85F7}.Debug|x86.Build.0 = Debug|Any CPU
		{BCA249D7-F63D-47D7-8518-E289EA1E85F7}.Debug|x86.Deploy.0 = Debug|Any CPU
		{BCA249D7-F63D-47D7-8518-E289EA1E85F7}.Release|Any CPU.ActiveCfg = Release|Any CPU
		{BCA249D7-F63D-47D7-8518-E289EA1E85F7}.Release|Any CPU.Build.0 = Release|Any CPU
		{BCA249D7-F63D-47D7-8518-E289EA1E85F7}.Release|Any CPU.Deploy.0 = Release|Any CPU
		{BCA249D7-F63D-47D7-8518-E289EA1E85F7}.Release|ARM.ActiveCfg = Release|Any CPU
		{BCA249D7-F63D-47D7-8518-E289EA1E85F7}.Release|ARM.Build.0 = Release|Any CPU
		{BCA249D7-F63D-47D7-8518-E289EA1E85F7}.Release|ARM.Deploy.0 = Release|Any CPU
		{BCA249D7-F63D-47D7-8518-E289EA1E85F7}.Release|iPhone.ActiveCfg = Release|Any CPU
		{BCA249D7-F63D-47D7-8518-E289EA1E85F7}.Release|iPhone.Build.0 = Release|Any CPU
		{BCA249D7-F63D-47D7-8518-E289EA1E85F7}.Release|iPhone.Deploy.0 = Release|Any CPU
		{BCA249D7-F63D-47D7-8518-E289EA1E85F7}.Release|iPhoneSimulator.ActiveCfg = Release|Any CPU
		{BCA249D7-F63D-47D7-8518-E289EA1E85F7}.Release|iPhoneSimulator.Build.0 = Release|Any CPU
		{BCA249D7-F63D-47D7-8518-E289EA1E85F7}.Release|iPhoneSimulator.Deploy.0 = Release|Any CPU
		{BCA249D7-F63D-47D7-8518-E289EA1E85F7}.Release|x64.ActiveCfg = Release|Any CPU
		{BCA249D7-F63D-47D7-8518-E289EA1E85F7}.Release|x64.Build.0 = Release|Any CPU
		{BCA249D7-F63D-47D7-8518-E289EA1E85F7}.Release|x64.Deploy.0 = Release|Any CPU
		{BCA249D7-F63D-47D7-8518-E289EA1E85F7}.Release|x86.ActiveCfg = Release|Any CPU
		{BCA249D7-F63D-47D7-8518-E289EA1E85F7}.Release|x86.Build.0 = Release|Any CPU
		{BCA249D7-F63D-47D7-8518-E289EA1E85F7}.Release|x86.Deploy.0 = Release|Any CPU
		{929BAB98-C84F-4CEA-884C-6E976BBBE114}.Debug|Any CPU.ActiveCfg = Debug|iPhoneSimulator
		{929BAB98-C84F-4CEA-884C-6E976BBBE114}.Debug|Any CPU.Build.0 = Debug|iPhoneSimulator
		{929BAB98-C84F-4CEA-884C-6E976BBBE114}.Debug|Any CPU.Deploy.0 = Debug|iPhoneSimulator
		{929BAB98-C84F-4CEA-884C-6E976BBBE114}.Debug|ARM.ActiveCfg = Debug|iPhone
		{929BAB98-C84F-4CEA-884C-6E976BBBE114}.Debug|ARM.Build.0 = Debug|iPhone
		{929BAB98-C84F-4CEA-884C-6E976BBBE114}.Debug|ARM.Deploy.0 = Debug|iPhone
		{929BAB98-C84F-4CEA-884C-6E976BBBE114}.Debug|iPhone.ActiveCfg = Debug|iPhone
		{929BAB98-C84F-4CEA-884C-6E976BBBE114}.Debug|iPhone.Build.0 = Debug|iPhone
		{929BAB98-C84F-4CEA-884C-6E976BBBE114}.Debug|iPhone.Deploy.0 = Debug|iPhone
		{929BAB98-C84F-4CEA-884C-6E976BBBE114}.Debug|iPhoneSimulator.ActiveCfg = Debug|iPhoneSimulator
		{929BAB98-C84F-4CEA-884C-6E976BBBE114}.Debug|iPhoneSimulator.Build.0 = Debug|iPhoneSimulator
		{929BAB98-C84F-4CEA-884C-6E976BBBE114}.Debug|iPhoneSimulator.Deploy.0 = Debug|iPhoneSimulator
		{929BAB98-C84F-4CEA-884C-6E976BBBE114}.Debug|x64.ActiveCfg = Debug|iPhoneSimulator
		{929BAB98-C84F-4CEA-884C-6E976BBBE114}.Debug|x64.Build.0 = Debug|iPhoneSimulator
		{929BAB98-C84F-4CEA-884C-6E976BBBE114}.Debug|x64.Deploy.0 = Debug|iPhoneSimulator
		{929BAB98-C84F-4CEA-884C-6E976BBBE114}.Debug|x86.ActiveCfg = Debug|iPhoneSimulator
		{929BAB98-C84F-4CEA-884C-6E976BBBE114}.Debug|x86.Build.0 = Debug|iPhoneSimulator
		{929BAB98-C84F-4CEA-884C-6E976BBBE114}.Debug|x86.Deploy.0 = Debug|iPhoneSimulator
		{929BAB98-C84F-4CEA-884C-6E976BBBE114}.Release|Any CPU.ActiveCfg = Release|iPhoneSimulator
		{929BAB98-C84F-4CEA-884C-6E976BBBE114}.Release|Any CPU.Build.0 = Release|iPhoneSimulator
		{929BAB98-C84F-4CEA-884C-6E976BBBE114}.Release|Any CPU.Deploy.0 = Release|iPhoneSimulator
		{929BAB98-C84F-4CEA-884C-6E976BBBE114}.Release|ARM.ActiveCfg = Release|iPhoneSimulator
		{929BAB98-C84F-4CEA-884C-6E976BBBE114}.Release|ARM.Build.0 = Release|iPhoneSimulator
		{929BAB98-C84F-4CEA-884C-6E976BBBE114}.Release|ARM.Deploy.0 = Release|iPhoneSimulator
		{929BAB98-C84F-4CEA-884C-6E976BBBE114}.Release|iPhone.ActiveCfg = Release|iPhone
		{929BAB98-C84F-4CEA-884C-6E976BBBE114}.Release|iPhone.Build.0 = Release|iPhone
		{929BAB98-C84F-4CEA-884C-6E976BBBE114}.Release|iPhone.Deploy.0 = Release|iPhone
		{929BAB98-C84F-4CEA-884C-6E976BBBE114}.Release|iPhoneSimulator.ActiveCfg = Release|iPhoneSimulator
		{929BAB98-C84F-4CEA-884C-6E976BBBE114}.Release|iPhoneSimulator.Build.0 = Release|iPhoneSimulator
		{929BAB98-C84F-4CEA-884C-6E976BBBE114}.Release|iPhoneSimulator.Deploy.0 = Release|iPhoneSimulator
		{929BAB98-C84F-4CEA-884C-6E976BBBE114}.Release|x64.ActiveCfg = Release|iPhoneSimulator
		{929BAB98-C84F-4CEA-884C-6E976BBBE114}.Release|x64.Build.0 = Release|iPhoneSimulator
		{929BAB98-C84F-4CEA-884C-6E976BBBE114}.Release|x64.Deploy.0 = Release|iPhoneSimulator
		{929BAB98-C84F-4CEA-884C-6E976BBBE114}.Release|x86.ActiveCfg = Release|iPhoneSimulator
		{929BAB98-C84F-4CEA-884C-6E976BBBE114}.Release|x86.Build.0 = Release|iPhoneSimulator
		{929BAB98-C84F-4CEA-884C-6E976BBBE114}.Release|x86.Deploy.0 = Release|iPhoneSimulator
		{84680E8B-465B-43CE-9EBE-7B43F855B74B}.Debug|Any CPU.ActiveCfg = Debug|Any CPU
		{84680E8B-465B-43CE-9EBE-7B43F855B74B}.Debug|Any CPU.Build.0 = Debug|Any CPU
		{84680E8B-465B-43CE-9EBE-7B43F855B74B}.Debug|Any CPU.Deploy.0 = Debug|Any CPU
		{84680E8B-465B-43CE-9EBE-7B43F855B74B}.Debug|ARM.ActiveCfg = Debug|Any CPU
		{84680E8B-465B-43CE-9EBE-7B43F855B74B}.Debug|ARM.Build.0 = Debug|Any CPU
		{84680E8B-465B-43CE-9EBE-7B43F855B74B}.Debug|ARM.Deploy.0 = Debug|Any CPU
		{84680E8B-465B-43CE-9EBE-7B43F855B74B}.Debug|iPhone.ActiveCfg = Debug|Any CPU
		{84680E8B-465B-43CE-9EBE-7B43F855B74B}.Debug|iPhone.Build.0 = Debug|Any CPU
		{84680E8B-465B-43CE-9EBE-7B43F855B74B}.Debug|iPhone.Deploy.0 = Debug|Any CPU
		{84680E8B-465B-43CE-9EBE-7B43F855B74B}.Debug|iPhoneSimulator.ActiveCfg = Debug|Any CPU
		{84680E8B-465B-43CE-9EBE-7B43F855B74B}.Debug|iPhoneSimulator.Build.0 = Debug|Any CPU
		{84680E8B-465B-43CE-9EBE-7B43F855B74B}.Debug|iPhoneSimulator.Deploy.0 = Debug|Any CPU
		{84680E8B-465B-43CE-9EBE-7B43F855B74B}.Debug|x64.ActiveCfg = Debug|Any CPU
		{84680E8B-465B-43CE-9EBE-7B43F855B74B}.Debug|x64.Build.0 = Debug|Any CPU
		{84680E8B-465B-43CE-9EBE-7B43F855B74B}.Debug|x64.Deploy.0 = Debug|Any CPU
		{84680E8B-465B-43CE-9EBE-7B43F855B74B}.Debug|x86.ActiveCfg = Debug|Any CPU
		{84680E8B-465B-43CE-9EBE-7B43F855B74B}.Debug|x86.Build.0 = Debug|Any CPU
		{84680E8B-465B-43CE-9EBE-7B43F855B74B}.Debug|x86.Deploy.0 = Debug|Any CPU
		{84680E8B-465B-43CE-9EBE-7B43F855B74B}.Release|Any CPU.ActiveCfg = Release|Any CPU
		{84680E8B-465B-43CE-9EBE-7B43F855B74B}.Release|Any CPU.Build.0 = Release|Any CPU
		{84680E8B-465B-43CE-9EBE-7B43F855B74B}.Release|Any CPU.Deploy.0 = Release|Any CPU
		{84680E8B-465B-43CE-9EBE-7B43F855B74B}.Release|ARM.ActiveCfg = Release|Any CPU
		{84680E8B-465B-43CE-9EBE-7B43F855B74B}.Release|ARM.Build.0 = Release|Any CPU
		{84680E8B-465B-43CE-9EBE-7B43F855B74B}.Release|ARM.Deploy.0 = Release|Any CPU
		{84680E8B-465B-43CE-9EBE-7B43F855B74B}.Release|iPhone.ActiveCfg = Release|Any CPU
		{84680E8B-465B-43CE-9EBE-7B43F855B74B}.Release|iPhone.Build.0 = Release|Any CPU
		{84680E8B-465B-43CE-9EBE-7B43F855B74B}.Release|iPhone.Deploy.0 = Release|Any CPU
		{84680E8B-465B-43CE-9EBE-7B43F855B74B}.Release|iPhoneSimulator.ActiveCfg = Release|Any CPU
		{84680E8B-465B-43CE-9EBE-7B43F855B74B}.Release|iPhoneSimulator.Build.0 = Release|Any CPU
		{84680E8B-465B-43CE-9EBE-7B43F855B74B}.Release|iPhoneSimulator.Deploy.0 = Release|Any CPU
		{84680E8B-465B-43CE-9EBE-7B43F855B74B}.Release|x64.ActiveCfg = Release|Any CPU
		{84680E8B-465B-43CE-9EBE-7B43F855B74B}.Release|x64.Build.0 = Release|Any CPU
		{84680E8B-465B-43CE-9EBE-7B43F855B74B}.Release|x64.Deploy.0 = Release|Any CPU
		{84680E8B-465B-43CE-9EBE-7B43F855B74B}.Release|x86.ActiveCfg = Release|Any CPU
		{84680E8B-465B-43CE-9EBE-7B43F855B74B}.Release|x86.Build.0 = Release|Any CPU
		{84680E8B-465B-43CE-9EBE-7B43F855B74B}.Release|x86.Deploy.0 = Release|Any CPU
		{FF156F58-B745-4FCE-B317-D8BD44547C14}.Debug|Any CPU.ActiveCfg = Debug|Any CPU
		{FF156F58-B745-4FCE-B317-D8BD44547C14}.Debug|Any CPU.Build.0 = Debug|Any CPU
		{FF156F58-B745-4FCE-B317-D8BD44547C14}.Debug|ARM.ActiveCfg = Debug|Any CPU
		{FF156F58-B745-4FCE-B317-D8BD44547C14}.Debug|ARM.Build.0 = Debug|Any CPU
		{FF156F58-B745-4FCE-B317-D8BD44547C14}.Debug|iPhone.ActiveCfg = Debug|Any CPU
		{FF156F58-B745-4FCE-B317-D8BD44547C14}.Debug|iPhone.Build.0 = Debug|Any CPU
		{FF156F58-B745-4FCE-B317-D8BD44547C14}.Debug|iPhoneSimulator.ActiveCfg = Debug|Any CPU
		{FF156F58-B745-4FCE-B317-D8BD44547C14}.Debug|iPhoneSimulator.Build.0 = Debug|Any CPU
		{FF156F58-B745-4FCE-B317-D8BD44547C14}.Debug|x64.ActiveCfg = Debug|Any CPU
		{FF156F58-B745-4FCE-B317-D8BD44547C14}.Debug|x64.Build.0 = Debug|Any CPU
		{FF156F58-B745-4FCE-B317-D8BD44547C14}.Debug|x86.ActiveCfg = Debug|Any CPU
		{FF156F58-B745-4FCE-B317-D8BD44547C14}.Debug|x86.Build.0 = Debug|Any CPU
		{FF156F58-B745-4FCE-B317-D8BD44547C14}.Release|Any CPU.ActiveCfg = Release|Any CPU
		{FF156F58-B745-4FCE-B317-D8BD44547C14}.Release|Any CPU.Build.0 = Release|Any CPU
		{FF156F58-B745-4FCE-B317-D8BD44547C14}.Release|ARM.ActiveCfg = Release|Any CPU
		{FF156F58-B745-4FCE-B317-D8BD44547C14}.Release|ARM.Build.0 = Release|Any CPU
		{FF156F58-B745-4FCE-B317-D8BD44547C14}.Release|iPhone.ActiveCfg = Release|Any CPU
		{FF156F58-B745-4FCE-B317-D8BD44547C14}.Release|iPhone.Build.0 = Release|Any CPU
		{FF156F58-B745-4FCE-B317-D8BD44547C14}.Release|iPhoneSimulator.ActiveCfg = Release|Any CPU
		{FF156F58-B745-4FCE-B317-D8BD44547C14}.Release|iPhoneSimulator.Build.0 = Release|Any CPU
		{FF156F58-B745-4FCE-B317-D8BD44547C14}.Release|x64.ActiveCfg = Release|Any CPU
		{FF156F58-B745-4FCE-B317-D8BD44547C14}.Release|x64.Build.0 = Release|Any CPU
		{FF156F58-B745-4FCE-B317-D8BD44547C14}.Release|x86.ActiveCfg = Release|Any CPU
		{FF156F58-B745-4FCE-B317-D8BD44547C14}.Release|x86.Build.0 = Release|Any CPU
	EndGlobalSection
	GlobalSection(SolutionProperties) = preSolution
		HideSolutionNode = FALSE
	EndGlobalSection
	GlobalSection(ExtensibilityGlobals) = postSolution
		SolutionGuid = {1FA4AE56-DA33-47A4-B49D-C6292AE9584A}
	EndGlobalSection
EndGlobal
